
Microsoft Visual Studio Solution File, Format Version 12.00
# Visual Studio Version 17
VisualStudioVersion = 17.0.31903.59
MinimumVisualStudioVersion = 10.0.40219.1
Project("{2150E333-8FDC-42A3-9474-1A3956D46DE8}") = "src", "src", "{827E0CD3-B72D-47B6-A68D-7590B98EB39B}"
EndProject
Project("{FAE04EC0-301F-11D3-BF4B-00C04F79EFBC}") = "Airside.Core", "src\Airside.Core\Airside.Core.csproj", "{B918C44E-D1B2-4D92-97CA-1B56697140BA}"
EndProject
Project("{FAE04EC0-301F-11D3-BF4B-00C04F79EFBC}") = "Airside.Data", "src\Airside.Data\Airside.Data.csproj", "{393BF600-350E-47CA-8C14-3D30B5208F80}"
EndProject
Project("{FAE04EC0-301F-11D3-BF4B-00C04F79EFBC}") = "Airside.Data.Migrations.Postgres", "src\Airside.Data.Migrations.Postgres\Airside.Data.Migrations.Postgres.csproj", "{7C90FFA7-835A-4DE4-A156-37641771059D}"
EndProject
Project("{FAE04EC0-301F-11D3-BF4B-00C04F79EFBC}") = "Airside.Data.Migrations.Sqlite", "src\Airside.Data.Migrations.Sqlite\Airside.Data.Migrations.Sqlite.csproj", "{A9E2DAA1-F985-47EB-811C-A76FC8787E61}"
EndProject
Project("{FAE04EC0-301F-11D3-BF4B-00C04F79EFBC}") = "Airside.Runtime", "src\Airside.Runtime\Airside.Runtime.csproj", "{86D20287-6E88-4CEC-A160-EDCC2572ED79}"
EndProject
Project("{FAE04EC0-301F-11D3-BF4B-00C04F79EFBC}") = "Airside.Api", "src\Airside.Api\Airside.Api.csproj", "{F7D06A93-1C14-493E-A6A3-F452836292BD}"
EndProject
Project("{FAE04EC0-301F-11D3-BF4B-00C04F79EFBC}") = "Airside.Cli", "src\Airside.Cli\Airside.Cli.csproj", "{CA4701F4-92FB-422C-8C8B-6B48F9C76DE4}"
EndProject
Project("{2150E333-8FDC-42A3-9474-1A3956D46DE8}") = "tests", "tests", "{0AB3BF05-4346-4AA6-1389-037BE0695223}"
EndProject
Project("{FAE04EC0-301F-11D3-BF4B-00C04F79EFBC}") = "Airside.Tests", "tests\Airside.Tests\Airside.Tests.csproj", "{CE113EC4-EF2A-49FF-95D0-4DFC038EFA09}"
EndProject
Global
	GlobalSection(SolutionConfigurationPlatforms) = preSolution
		Debug|Any CPU = Debug|Any CPU
		Debug|x64 = Debug|x64
		Debug|x86 = Debug|x86
		Release|Any CPU = Release|Any CPU
		Release|x64 = Release|x64
		Release|x86 = Release|x86
	EndGlobalSection
	GlobalSection(ProjectConfigurationPlatforms) = postSolution
		{B918C44E-D1B2-4D92-97CA-1B56697140BA}.Debug|Any CPU.ActiveCfg = Debug|Any CPU
		{B918C44E-D1B2-4D92-97CA-1B56697140BA}.Debug|Any CPU.Build.0 = Debug|Any CPU
		{B918C44E-D1B2-4D92-97CA-1B56697140BA}.Debug|x64.ActiveCfg = Debug|Any CPU
		{B918C44E-D1B2-4D92-97CA-1B56697140BA}.Debug|x64.Build.0 = Debug|Any CPU
		{B918C44E-D1B2-4D92-97CA-1B56697140BA}.Debug|x86.ActiveCfg = Debug|Any CPU
		{B918C44E-D1B2-4D92-97CA-1B56697140BA}.Debug|x86.Build.0 = Debug|Any CPU
		{B918C44E-D1B2-4D92-97CA-1B56697140BA}.Release|Any CPU.ActiveCfg = Release|Any CPU
		{B918C44E-D1B2-4D92-97CA-1B56697140BA}.Release|Any CPU.Build.0 = Release|Any CPU
		{B918C44E-D1B2-4D92-97CA-1B56697140BA}.Release|x64.ActiveCfg = Release|Any CPU
		{B918C44E-D1B2-4D92-97CA-1B56697140BA}.Release|x64.Build.0 = Release|Any CPU
		{B918C44E-D1B2-4D92-97CA-1B56697140BA}.Release|x86.ActiveCfg = Release|Any CPU
		{B918C44E-D1B2-4D92-97CA-1B56697140BA}.Release|x86.Build.0 = Release|Any CPU
		{393BF600-350E-47CA-8C14-3D30B5208F80}.Debug|Any CPU.ActiveCfg = Debug|Any CPU
		{393BF600-350E-47CA-8C14-3D30B5208F80}.Debug|Any CPU.Build.0 = Debug|Any CPU
		{393BF600-350E-47CA-8C14-3D30B5208F80}.Debug|x64.ActiveCfg = Debug|Any CPU
		{393BF600-350E-47CA-8C14-3D30B5208F80}.Debug|x64.Build.0 = Debug|Any CPU
		{393BF600-350E-47CA-8C14-3D30B5208F80}.Debug|x86.ActiveCfg = Debug|Any CPU
		{393BF600-350E-47CA-8C14-3D30B5208F80}.Debug|x86.Build.0 = Debug|Any CPU
		{393BF600-350E-47CA-8C14-3D30B5208F80}.Release|Any CPU.ActiveCfg = Release|Any CPU
		{393BF600-350E-47CA-8C14-3D30B5208F80}.Release|Any CPU.Build.0 = Release|Any CPU
		{393BF600-350E-47CA-8C14-3D30B5208F80}.Release|x64.ActiveCfg = Release|Any CPU
		{393BF600-350E-47CA-8C14-3D30B5208F80}.Release|x64.Build.0 = Release|Any CPU
		{393BF600-350E-47CA-8C14-3D30B5208F80}.Release|x86.ActiveCfg = Release|Any CPU
		{393BF600-350E-47CA-8C14-3D30B5208F80}.Release|x86.Build.0 = Release|Any CPU
		{7C90FFA7-835A-4DE4-A156-37641771059D}.Debug|Any CPU.ActiveCfg = Debug|Any CPU
		{7C90FFA7-835A-4DE4-A156-37641771059D}.Debug|Any CPU.Build.0 = Debug|Any CPU
		{7C90FFA7-835A-4DE4-A156-37641771059D}.Debug|x64.ActiveCfg = Debug|Any CPU
		{7C90FFA7-835A-4DE4-A156-37641771059D}.Debug|x64.Build.0 = Debug|Any CPU
		{7C90FFA7-835A-4DE4-A156-37641771059D}.Debug|x86.ActiveCfg = Debug|Any CPU
		{7C90FFA7-835A-4DE4-A156-37641771059D}.Debug|x86.Build.0 = Debug|Any CPU
		{7C90FFA7-835A-4DE4-A156-37641771059D}.Release|Any CPU.ActiveCfg = Release|Any CPU
		{7C90FFA7-835A-4DE4-A156-37641771059D}.Release|Any CPU.Build.0 = Release|Any CPU
		{7C90FFA7-835A-4DE4-A156-37641771059D}.Release|x64.ActiveCfg = Release|Any CPU
		{7C90FFA7-835A-4DE4-A156-37641771059D}.Release|x64.Build.0 = Release|Any CPU
		{7C90FFA7-835A-4DE4-A156-37641771059D}.Release|x86.ActiveCfg = Release|Any CPU
		{7C90FFA7-835A-4DE4-A156-37641771059D}.Release|x86.Build.0 = Release|Any CPU
		{A9E2DAA1-F985-47EB-811C-A76FC8787E61}.Debug|Any CPU.ActiveCfg = Debug|Any CPU
		{A9E2DAA1-F985-47EB-811C-A76FC8787E61}.Debug|Any CPU.Build.0 = Debug|Any CPU
		{A9E2DAA1-F985-47EB-811C-A76FC8787E61}.Debug|x64.ActiveCfg = Debug|Any CPU
		{A9E2DAA1-F985-47EB-811C-A76FC8787E61}.Debug|x64.Build.0 = Debug|Any CPU
		{A9E2DAA1-F985-47EB-811C-A76FC8787E61}.Debug|x86.ActiveCfg = Debug|Any CPU
		{A9E2DAA1-F985-47EB-811C-A76FC8787E61}.Debug|x86.Build.0 = Debug|Any CPU
		{A9E2DAA1-F985-47EB-811C-A76FC8787E61}.Release|Any CPU.ActiveCfg = Release|Any CPU
		{A9E2DAA1-F985-47EB-811C-A76FC8787E61}.Release|Any CPU.Build.0 = Release|Any CPU
		{A9E2DAA1-F985-47EB-811C-A76FC8787E61}.Release|x64.ActiveCfg = Release|Any CPU
		{A9E2DAA1-F985-47EB-811C-A76FC8787E61}.Release|x64.Build.0 = Release|Any CPU
		{A9E2DAA1-F985-47EB-811C-A76FC8787E61}.Release|x86.ActiveCfg = Release|Any CPU
		{A9E2DAA1-F985-47EB-811C-A76FC8787E61}.Release|x86.Build.0 = Release|Any CPU
		{86D20287-6E88-4CEC-A160-EDCC2572ED79}.Debug|Any CPU.ActiveCfg = Debug|Any CPU
		{86D20287-6E88-4CEC-A160-EDCC2572ED79}.Debug|Any CPU.Build.0 = Debug|Any CPU
		{86D20287-6E88-4CEC-A160-EDCC2572ED79}.Debug|x64.ActiveCfg = Debug|Any CPU
		{86D20287-6E88-4CEC-A160-EDCC2572ED79}.Debug|x64.Build.0 = Debug|Any CPU
		{86D20287-6E88-4CEC-A160-EDCC2572ED79}.Debug|x86.ActiveCfg = Debug|Any CPU
		{86D20287-6E88-4CEC-A160-EDCC2572ED79}.Debug|x86.Build.0 = Debug|Any CPU
		{86D20287-6E88-4CEC-A160-EDCC2572ED79}.Release|Any CPU.ActiveCfg = Release|Any CPU
		{86D20287-6E88-4CEC-A160-EDCC2572ED79}.Release|Any CPU.Build.0 = Release|Any CPU
		{86D20287-6E88-4CEC-A160-EDCC2572ED79}.Release|x64.ActiveCfg = Release|Any CPU
		{86D20287-6E88-4CEC-A160-EDCC2572ED79}.Release|x64.Build.0 = Release|Any CPU
		{86D20287-6E88-4CEC-A160-EDCC2572ED79}.Release|x86.ActiveCfg = Release|Any CPU
		{86D20287-6E88-4CEC-A160-EDCC2572ED79}.Release|x86.Build.0 = Release|Any CPU
		{F7D06A93-1C14-493E-A6A3-F452836292BD}.Debug|Any CPU.ActiveCfg = Debug|Any CPU
		{F7D06A93-1C14-493E-A6A3-F452836292BD}.Debug|Any CPU.Build.0 = Debug|Any CPU
		{F7D06A93-1C14-493E-A6A3-F452836292BD}.Debug|x64.ActiveCfg = Debug|Any CPU
		{F7D06A93-1C14-493E-A6A3-F452836292BD}.Debug|x64.Build.0 = Debug|Any CPU
		{F7D06A93-1C14-493E-A6A3-F452836292BD}.Debug|x86.ActiveCfg = Debug|Any CPU
		{F7D06A93-1C14-493E-A6A3-F452836292BD}.Debug|x86.Build.0 = Debug|Any CPU
		{F7D06A93-1C14-493E-A6A3-F452836292BD}.Release|Any CPU.ActiveCfg = Release|Any CPU
		{F7D06A93-1C14-493E-A6A3-F452836292BD}.Release|Any CPU.Build.0 = Release|Any CPU
		{F7D06A93-1C14-493E-A6A3-F452836292BD}.Release|x64.ActiveCfg = Release|Any CPU
		{F7D06A93-1C14-493E-A6A3-F452836292BD}.Release|x64.Build.0 = Release|Any CPU
		{F7D06A93-1C14-493E-A6A3-F452836292BD}.Release|x86.ActiveCfg = Release|Any CPU
		{F7D06A93-1C14-493E-A6A3-F452836292BD}.Release|x86.Build.0 = Release|Any CPU
		{CA4701F4-92FB-422C-8C8B-6B48F9C76DE4}.Debug|Any CPU.ActiveCfg = Debug|Any CPU
		{CA4701F4-92FB-422C-8C8B-6B48F9C76DE4}.Debug|Any CPU.Build.0 = Debug|Any CPU
		{CA4701F4-92FB-422C-8C8B-6B48F9C76DE4}.Debug|x64.ActiveCfg = Debug|Any CPU
		{CA4701F4-92FB-422C-8C8B-6B48F9C76DE4}.Debug|x64.Build.0 = Debug|Any CPU
		{CA4701F4-92FB-422C-8C8B-6B48F9C76DE4}.Debug|x86.ActiveCfg = Debug|Any CPU
		{CA4701F4-92FB-422C-8C8B-6B48F9C76DE4}.Debug|x86.Build.0 = Debug|Any CPU
		{CA4701F4-92FB-422C-8C8B-6B48F9C76DE4}.Release|Any CPU.ActiveCfg = Release|Any CPU
		{CA4701F4-92FB-422C-8C8B-6B48F9C76DE4}.Release|Any CPU.Build.0 = Release|Any CPU
		{CA4701F4-92FB-422C-8C8B-6B48F9C76DE4}.Release|x64.ActiveCfg = Release|Any CPU
		{CA4701F4-92FB-422C-8C8B-6B48F9C76DE4}.Release|x64.Build.0 = Release|Any CPU
		{CA4701F4-92FB-422C-8C8B-6B48F9C76DE4}.Release|x86.ActiveCfg = Release|Any CPU
		{CA4701F4-92FB-422C-8C8B-6B48F9C76DE4}.Release|x86.Build.0 = Release|Any CPU
		{CE113EC4-EF2A-49FF-95D0-4DFC038EFA09}.Debug|Any CPU.ActiveCfg = Debug|Any CPU
		{CE113EC4-EF2A-49FF-95D0-4DFC038EFA09}.Debug|Any CPU.Build.0 = Debug|Any CPU
		{CE113EC4-EF2A-49FF-95D0-4DFC038EFA09}.Debug|x64.ActiveCfg = Debug|Any CPU
		{CE113EC4-EF2A-49FF-95D0-4DFC038EFA09}.Debug|x64.Build.0 = Debug|Any CPU
		{CE113EC4-EF2A-49FF-95D0-4DFC038EFA09}.Debug|x86.ActiveCfg = Debug|Any CPU
		{CE113EC4-EF2A-49FF-95D0-4DFC038EFA09}.Debug|x86.Build.0 = Debug|Any CPU
		{CE113EC4-EF2A-49FF-95D0-4DFC038EFA09}.Release|Any CPU.ActiveCfg = Release|Any CPU
		{CE113EC4-EF2A-49FF-95D0-4DFC038EFA09}.Release|Any CPU.Build.0 = Release|Any CPU
		{CE113EC4-EF2A-49FF-95D0-4DFC038EFA09}.Release|x64.ActiveCfg = Release|Any CPU
		{CE113EC4-EF2A-49FF-95D0-4DFC038EFA09}.Release|x64.Build.0 = Release|Any CPU
		{CE113EC4-EF2A-49FF-95D0-4DFC038EFA09}.Release|x86.ActiveCfg = Release|Any CPU
		{CE113EC4-EF2A-49FF-95D0-4DFC038EFA09}.Release|x86.Build.0 = Release|Any CPU
	EndGlobalSection
	GlobalSection(SolutionProperties) = preSolution
		HideSolutionNode = FALSE
	EndGlobalSection
	GlobalSection(NestedProjects) = preSolution
		{B918C44E-D1B2-4D92-97CA-1B56697140BA} = {827E0CD3-B72D-47B6-A68D-7590B98EB39B}
		{393BF600-350E-47CA-8C14-3D30B5208F80} = {827E0CD3-B72D-47B6-A68D-7590B98EB39B}
		{7C90FFA7-835A-4DE4-A156-37641771059D} = {827E0CD3-B72D-47B6-A68D-7590B98EB39B}
		{A9E2DAA1-F985-47EB-811C-A76FC8787E61} = {827E0CD3-B72D-47B6-A68D-7590B98EB39B}
		{86D20287-6E88-4CEC-A160-EDCC2572ED79} = {827E0CD3-B72D-47B6-A68D-7590B98EB39B}
		{F7D06A93-1C14-493E-A6A3-F452836292BD} = {827E0CD3-B72D-47B6-A68D-7590B98EB39B}
		{CA4701F4-92FB-422C-8C8B-6B48F9C76DE4} = {827E0CD3-B72D-47B6-A68D-7590B98EB39B}
		{CE113EC4-EF2A-49FF-95D0-4DFC038EFA09} = {0AB3BF05-4346-4AA6-1389-037BE0695223}
	EndGlobalSection
EndGlobal
